// !$*UTF8*$!
{
	archiveVersion = 1;
	classes = {
	};
	objectVersion = 46;
	objects = {

/* Begin PBXBuildFile section */
		92879C1B1B9DFF880062079E /* main.m in Sources */ = {isa = PBXBuildFile; fileRef = 92879C1A1B9DFF880062079E /* main.m */; };
		92879C1E1B9DFF880062079E /* AppDelegate.m in Sources */ = {isa = PBXBuildFile; fileRef = 92879C1D1B9DFF880062079E /* AppDelegate.m */; };
		92879C211B9DFF880062079E /* ViewController.m in Sources */ = {isa = PBXBuildFile; fileRef = 92879C201B9DFF880062079E /* ViewController.m */; };
		92879C241B9DFF880062079E /* Main.storyboard in Resources */ = {isa = PBXBuildFile; fileRef = 92879C221B9DFF880062079E /* Main.storyboard */; };
		92879C261B9DFF880062079E /* Images.xcassets in Resources */ = {isa = PBXBuildFile; fileRef = 92879C251B9DFF880062079E /* Images.xcassets */; };
		92879C291B9DFF880062079E /* LaunchScreen.xib in Resources */ = {isa = PBXBuildFile; fileRef = 92879C271B9DFF880062079E /* LaunchScreen.xib */; };
		92879C351B9DFF880062079E /* ManTests.m in Sources */ = {isa = PBXBuildFile; fileRef = 92879C341B9DFF880062079E /* ManTests.m */; };
/* End PBXBuildFile section */

/* Begin PBXContainerItemProxy section */
		92879C2F1B9DFF880062079E /* PBXContainerItemProxy */ = {
			isa = PBXContainerItemProxy;
			containerPortal = 92879C0D1B9DFF880062079E /* Project object */;
			proxyType = 1;
			remoteGlobalIDString = 92879C141B9DFF880062079E;
			remoteInfo = Man;
		};
/* End PBXContainerItemProxy section */

/* Begin PBXFileReference section */
		92879C151B9DFF880062079E /* Man.app */ = {isa = PBXFileReference; explicitFileType = wrapper.application; includeInIndex = 0; path = Man.app; sourceTree = BUILT_PRODUCTS_DIR; };
		92879C191B9DFF880062079E /* Info.plist */ = {isa = PBXFileReference; lastKnownFileType = text.plist.xml; path = Info.plist; sourceTree = "<group>"; };
		92879C1A1B9DFF880062079E /* main.m */ = {isa = PBXFileReference; lastKnownFileType = sourcecode.c.objc; path = main.m; sourceTree = "<group>"; };
		92879C1C1B9DFF880062079E /* AppDelegate.h */ = {isa = PBXFileReference; lastKnownFileType = sourcecode.c.h; path = AppDelegate.h; sourceTree = "<group>"; };
		92879C1D1B9DFF880062079E /* AppDelegate.m */ = {isa = PBXFileReference; lastKnownFileType = sourcecode.c.objc; path = AppDelegate.m; sourceTree = "<group>"; };
		92879C1F1B9DFF880062079E /* ViewController.h */ = {isa = PBXFileReference; lastKnownFileType = sourcecode.c.h; path = ViewController.h; sourceTree = "<group>"; };
		92879C201B9DFF880062079E /* ViewController.m */ = {isa = PBXFileReference; lastKnownFileType = sourcecode.c.objc; path = ViewController.m; sourceTree = "<group>"; };
		92879C231B9DFF880062079E /* Base */ = {isa = PBXFileReference; lastKnownFileType = file.storyboard; name = Base; path = Base.lproj/Main.storyboard; sourceTree = "<group>"; };
		92879C251B9DFF880062079E /* Images.xcassets */ = {isa = PBXFileReference; lastKnownFileType = folder.assetcatalog; path = Images.xcassets; sourceTree = "<group>"; };
		92879C281B9DFF880062079E /* Base */ = {isa = PBXFileReference; lastKnownFileType = file.xib; name = Base; path = Base.lproj/LaunchScreen.xib; sourceTree = "<group>"; };
		92879C2E1B9DFF880062079E /* ManTests.xctest */ = {isa = PBXFileReference; explicitFileType = wrapper.cfbundle; includeInIndex = 0; path = ManTests.xctest; sourceTree = BUILT_PRODUCTS_DIR; };
		92879C331B9DFF880062079E /* Info.plist */ = {isa = PBXFileReference; lastKnownFileType = text.plist.xml; path = Info.plist; sourceTree = "<group>"; };
		92879C341B9DFF880062079E /* ManTests.m */ = {isa = PBXFileReference; lastKnownFileType = sourcecode.c.objc; path = ManTests.m; sourceTree = "<group>"; };
/* End PBXFileReference section */

/* Begin PBXFrameworksBuildPhase section */
		92879C121B9DFF880062079E /* Frameworks */ = {
			isa = PBXFrameworksBuildPhase;
			buildActionMask = 2147483647;
			files = (
			);
			runOnlyForDeploymentPostprocessing = 0;
		};
		92879C2B1B9DFF880062079E /* Frameworks */ = {
			isa = PBXFrameworksBuildPhase;
			buildActionMask = 2147483647;
			files = (
			);
			runOnlyForDeploymentPostprocessing = 0;
		};
/* End PBXFrameworksBuildPhase section */

/* Begin PBXGroup section */
		92879C0C1B9DFF880062079E = {
			isa = PBXGroup;
			children = (
				92879C171B9DFF880062079E /* Man */,
				92879C311B9DFF880062079E /* ManTests */,
				92879C161B9DFF880062079E /* Products */,
			);
			sourceTree = "<group>";
		};
		92879C161B9DFF880062079E /* Products */ = {
			isa = PBXGroup;
			children = (
				92879C151B9DFF880062079E /* Man.app */,
				92879C2E1B9DFF880062079E /* ManTests.xctest */,
			);
			name = Products;
			sourceTree = "<group>";
		};
		92879C171B9DFF880062079E /* Man */ = {
			isa = PBXGroup;
			children = (
				92879C1C1B9DFF880062079E /* AppDelegate.h */,
				92879C1D1B9DFF880062079E /* AppDelegate.m */,
				92879C1F1B9DFF880062079E /* ViewController.h */,
				92879C201B9DFF880062079E /* ViewController.m */,
				92879C221B9DFF880062079E /* Main.storyboard */,
				92879C251B9DFF880062079E /* Images.xcassets */,
				92879C271B9DFF880062079E /* LaunchScreen.xib */,
				92879C181B9DFF880062079E /* Supporting Files */,
			);
			path = Man;
			sourceTree = "<group>";
		};
		92879C181B9DFF880062079E /* Supporting Files */ = {
			isa = PBXGroup;
			children = (
				92879C191B9DFF880062079E /* Info.plist */,
				92879C1A1B9DFF880062079E /* main.m */,
			);
			name = "Supporting Files";
			sourceTree = "<group>";
		};
		92879C311B9DFF880062079E /* ManTests */ = {
			isa = PBXGroup;
			children = (
				92879C341B9DFF880062079E /* ManTests.m */,
				92879C321B9DFF880062079E /* Supporting Files */,
			);
			path = ManTests;
			sourceTree = "<group>";
		};
		92879C321B9DFF880062079E /* Supporting Files */ = {
			isa = PBXGroup;
			children = (
				92879C331B9DFF880062079E /* Info.plist */,
			);
			name = "Supporting Files";
			sourceTree = "<group>";
		};
/* End PBXGroup section */

/* Begin PBXNativeTarget section */
		92879C141B9DFF880062079E /* Man */ = {
			isa = PBXNativeTarget;
			buildConfigurationList = 92879C381B9DFF880062079E /* Build configuration list for PBXNativeTarget "Man" */;
			buildPhases = (
				92879C111B9DFF880062079E /* Sources */,
				92879C121B9DFF880062079E /* Frameworks */,
				92879C131B9DFF880062079E /* Resources */,
			);
			buildRules = (
			);
			dependencies = (
			);
			name = Man;
			productName = Man;
			productReference = 92879C151B9DFF880062079E /* Man.app */;
			productType = "com.apple.product-type.application";
		};
		92879C2D1B9DFF880062079E /* ManTests */ = {
			isa = PBXNativeTarget;
			buildConfigurationList = 92879C3B1B9DFF880062079E /* Build configuration list for PBXNativeTarget "ManTests" */;
			buildPhases = (
				92879C2A1B9DFF880062079E /* Sources */,
				92879C2B1B9DFF880062079E /* Frameworks */,
				92879C2C1B9DFF880062079E /* Resources */,
			);
			buildRules = (
			);
			dependencies = (
				92879C301B9DFF880062079E /* PBXTargetDependency */,
			);
			name = ManTests;
			productName = ManTests;
			productReference = 92879C2E1B9DFF880062079E /* ManTests.xctest */;
			productType = "com.apple.product-type.bundle.unit-test";
		};
/* End PBXNativeTarget section */

/* Begin PBXProject section */
		92879C0D1B9DFF880062079E /* Project object */ = {
			isa = PBXProject;
			attributes = {
				LastUpgradeCheck = 0640;
				ORGANIZATIONNAME = "Denis Kolesnichenko";
				TargetAttributes = {
					92879C141B9DFF880062079E = {
						CreatedOnToolsVersion = 6.4;
					};
					92879C2D1B9DFF880062079E = {
						CreatedOnToolsVersion = 6.4;
						TestTargetID = 92879C141B9DFF880062079E;
					};
				};
			};
			buildConfigurationList = 92879C101B9DFF880062079E /* Build configuration list for PBXProject "Man" */;
			compatibilityVersion = "Xcode 3.2";
			developmentRegion = English;
			hasScannedForEncodings = 0;
			knownRegions = (
				en,
				Base,
			);
			mainGroup = 92879C0C1B9DFF880062079E;
			productRefGroup = 92879C161B9DFF880062079E /* Products */;
			projectDirPath = "";
			projectRoot = "";
			targets = (
				92879C141B9DFF880062079E /* Man */,
				92879C2D1B9DFF880062079E /* ManTests */,
			);
		};
/* End PBXProject section */

/* Begin PBXResourcesBuildPhase section */
		92879C131B9DFF880062079E /* Resources */ = {
			isa = PBXResourcesBuildPhase;
			buildActionMask = 2147483647;
			files = (
				92879C241B9DFF880062079E /* Main.storyboard in Resources */,
				92879C291B9DFF880062079E /* LaunchScreen.xib in Resources */,
				92879C261B9DFF880062079E /* Images.xcassets in Resources */,
			);
			runOnlyForDeploymentPostprocessing = 0;
		};
		92879C2C1B9DFF880062079E /* Resources */ = {
			isa = PBXResourcesBuildPhase;
			buildActionMask = 2147483647;
			files = (
			);
			runOnlyForDeploymentPostprocessing = 0;
		};
/* End PBXResourcesBuildPhase section */

/* Begin PBXSourcesBuildPhase section */
		92879C111B9DFF880062079E /* Sources */ = {
			isa = PBXSourcesBuildPhase;
			buildActionMask = 2147483647;
			files = (
				92879C211B9DFF880062079E /* ViewController.m in Sources */,
				92879C1E1B9DFF880062079E /* AppDelegate.m in Sources */,
				92879C1B1B9DFF880062079E /* main.m in Sources */,
			);
			runOnlyForDeploymentPostprocessing = 0;
		};
		92879C2A1B9DFF880062079E /* Sources */ = {
			isa = PBXSourcesBuildPhase;
			buildActionMask = 2147483647;
			files = (
				92879C351B9DFF880062079E /* ManTests.m in Sources */,
			);
			runOnlyForDeploymentPostprocessing = 0;
		};
/* End PBXSourcesBuildPhase section */

/* Begin PBXTargetDependency section */
		92879C301B9DFF880062079E /* PBXTargetDependency */ = {
			isa = PBXTargetDependency;
			target = 92879C141B9DFF880062079E /* Man */;
			targetProxy = 92879C2F1B9DFF880062079E /* PBXContainerItemProxy */;
		};
/* End PBXTargetDependency section */

/* Begin PBXVariantGroup section */
		92879C221B9DFF880062079E /* Main.storyboard */ = {
			isa = PBXVariantGroup;
			children = (
				92879C231B9DFF880062079E /* Base */,
			);
			name = Main.storyboard;
			sourceTree = "<group>";
		};
		92879C271B9DFF880062079E /* LaunchScreen.xib */ = {
			isa = PBXVariantGroup;
			children = (
				92879C281B9DFF880062079E /* Base */,
			);
			name = LaunchScreen.xib;
			sourceTree = "<group>";
		};
/* End PBXVariantGroup section */

/* Begin XCBuildConfiguration section */
		92879C361B9DFF880062079E /* Debug */ = {
			isa = XCBuildConfiguration;
			buildSettings = {
				ALWAYS_SEARCH_USER_PATHS = NO;
				CLANG_CXX_LANGUAGE_STANDARD = "gnu++0x";
				CLANG_CXX_LIBRARY = "libc++";
				CLANG_ENABLE_MODULES = YES;
				CLANG_ENABLE_OBJC_ARC = YES;
				CLANG_WARN_BOOL_CONVERSION = YES;
				CLANG_WARN_CONSTANT_CONVERSION = YES;
				CLANG_WARN_DIRECT_OBJC_ISA_USAGE = YES_ERROR;
				CLANG_WARN_EMPTY_BODY = YES;
				CLANG_WARN_ENUM_CONVERSION = YES;
				CLANG_WARN_INT_CONVERSION = YES;
				CLANG_WARN_OBJC_ROOT_CLASS = YES_ERROR;
				CLANG_WARN_UNREACHABLE_CODE = YES;
				CLANG_WARN__DUPLICATE_METHOD_MATCH = YES;
				"CODE_SIGN_IDENTITY[sdk=iphoneos*]" = "iPhone Developer";
				COPY_PHASE_STRIP = NO;
				DEBUG_INFORMATION_FORMAT = "dwarf-with-dsym";
				ENABLE_STRICT_OBJC_MSGSEND = YES;
				GCC_C_LANGUAGE_STANDARD = gnu99;
				GCC_DYNAMIC_NO_PIC = NO;
				GCC_NO_COMMON_BLOCKS = YES;
				GCC_OPTIMIZATION_LEVEL = 0;
				GCC_PREPROCESSOR_DEFINITIONS = (
					"DEBUG=1",
					"$(inherited)",
				);
				GCC_SYMBOLS_PRIVATE_EXTERN = NO;
				GCC_WARN_64_TO_32_BIT_CONVERSION = YES;
				GCC_WARN_ABOUT_RETURN_TYPE = YES_ERROR;
				GCC_WARN_UNDECLARED_SELECTOR = YES;
				GCC_WARN_UNINITIALIZED_AUTOS = YES_AGGRESSIVE;
				GCC_WARN_UNUSED_FUNCTION = YES;
				GCC_WARN_UNUSED_VARIABLE = YES;
				IPHONEOS_DEPLOYMENT_TARGET = 8.4;
				MTL_ENABLE_DEBUG_INFO = YES;
				ONLY_ACTIVE_ARCH = YES;
				SDKROOT = iphoneos;
				TARGETED_DEVICE_FAMILY = "1,2";
			};
			name = Debug;
		};
		92879C371B9DFF880062079E /* Release */ = {
			isa = XCBuildConfiguration;
			buildSettings = {
				ALWAYS_SEARCH_USER_PATHS = NO;
				CLANG_CXX_LANGUAGE_STANDARD = "gnu++0x";
				CLANG_CXX_LIBRARY = "libc++";
				CLANG_ENABLE_MODULES = YES;
				CLANG_ENABLE_OBJC_ARC = YES;
				CLANG_WARN_BOOL_CONVERSION = YES;
				CLANG_WARN_CONSTANT_CONVERSION = YES;
				CLANG_WARN_DIRECT_OBJC_ISA_USAGE = YES_ERROR;
				CLANG_WARN_EMPTY_BODY = YES;
				CLANG_WARN_ENUM_CONVERSION = YES;
				CLANG_WARN_INT_CONVERSION = YES;
				CLANG_WARN_OBJC_ROOT_CLASS = YES_ERROR;
				CLANG_WARN_UNREACHABLE_CODE = YES;
				CLANG_WARN__DUPLICATE_METHOD_MATCH = YES;
				"CODE_SIGN_IDENTITY[sdk=iphoneos*]" = "iPhone Developer";
				COPY_PHASE_STRIP = NO;
				DEBUG_INFORMATION_FORMAT = "dwarf-with-dsym";
				ENABLE_NS_ASSERTIONS = NO;
				ENABLE_STRICT_OBJC_MSGSEND = YES;
				GCC_C_LANGUAGE_STANDARD = gnu99;
				GCC_NO_COMMON_BLOCKS = YES;
				GCC_WARN_64_TO_32_BIT_CONVERSION = YES;
				GCC_WARN_ABOUT_RETURN_TYPE = YES_ERROR;
				GCC_WARN_UNDECLARED_SELECTOR = YES;
				GCC_WARN_UNINITIALIZED_AUTOS = YES_AGGRESSIVE;
				GCC_WARN_UNUSED_FUNCTION = YES;
				GCC_WARN_UNUSED_VARIABLE = YES;
				IPHONEOS_DEPLOYMENT_TARGET = 8.4;
				MTL_ENABLE_DEBUG_INFO = NO;
				SDKROOT = iphoneos;
				TARGETED_DEVICE_FAMILY = "1,2";
				VALIDATE_PRODUCT = YES;
			};
			name = Release;
		};
		92879C391B9DFF880062079E /* Debug */ = {
			isa = XCBuildConfiguration;
			buildSettings = {
				ASSETCATALOG_COMPILER_APPICON_NAME = AppIcon;
				INFOPLIST_FILE = Man/Info.plist;
				LD_RUNPATH_SEARCH_PATHS = "$(inherited) @executable_path/Frameworks";
				PRODUCT_NAME = "$(TARGET_NAME)";
			};
			name = Debug;
		};
		92879C3A1B9DFF880062079E /* Release */ = {
			isa = XCBuildConfiguration;
			buildSettings = {
				ASSETCATALOG_COMPILER_APPICON_NAME = AppIcon;
				INFOPLIST_FILE = Man/Info.plist;
				LD_RUNPATH_SEARCH_PATHS = "$(inherited) @executable_path/Frameworks";
				PRODUCT_NAME = "$(TARGET_NAME)";
			};
			name = Release;
		};
		92879C3C1B9DFF880062079E /* Debug */ = {
			isa = XCBuildConfiguration;
			buildSettings = {
				BUNDLE_LOADER = "$(TEST_HOST)";
				FRAMEWORK_SEARCH_PATHS = (
					"$(SDKROOT)/Developer/Library/Frameworks",
					"$(inherited)",
				);
				GCC_PREPROCESSOR_DEFINITIONS = (
					"DEBUG=1",
					"$(inherited)",
				);
				INFOPLIST_FILE = ManTests/Info.plist;
				LD_RUNPATH_SEARCH_PATHS = "$(inherited) @executable_path/Frameworks @loader_path/Frameworks";
				PRODUCT_NAME = "$(TARGET_NAME)";
				TEST_HOST = "$(BUILT_PRODUCTS_DIR)/Man.app/Man";
			};
			name = Debug;
		};
		92879C3D1B9DFF880062079E /* Release */ = {
			isa = XCBuildConfiguration;
			buildSettings = {
				BUNDLE_LOADER = "$(TEST_HOST)";
				FRAMEWORK_SEARCH_PATHS = (
					"$(SDKROOT)/Developer/Library/Frameworks",
					"$(inherited)",
				);
				INFOPLIST_FILE = ManTests/Info.plist;
				LD_RUNPATH_SEARCH_PATHS = "$(inherited) @executable_path/Frameworks @loader_path/Frameworks";
				PRODUCT_NAME = "$(TARGET_NAME)";
				TEST_HOST = "$(BUILT_PRODUCTS_DIR)/Man.app/Man";
			};
			name = Release;
		};
/* End XCBuildConfiguration section */

/* Begin XCConfigurationList section */
		92879C101B9DFF880062079E /* Build configuration list for PBXProject "Man" */ = {
			isa = XCConfigurationList;
			buildConfigurations = (
				92879C361B9DFF880062079E /* Debug */,
				92879C371B9DFF880062079E /* Release */,
			);
			defaultConfigurationIsVisible = 0;
			defaultConfigurationName = Release;
		};
		92879C381B9DFF880062079E /* Build configuration list for PBXNativeTarget "Man" */ = {
			isa = XCConfigurationList;
			buildConfigurations = (
				92879C391B9DFF880062079E /* Debug */,
				92879C3A1B9DFF880062079E /* Release */,
			);
			defaultConfigurationIsVisible = 0;
		};
		92879C3B1B9DFF880062079E /* Build configuration list for PBXNativeTarget "ManTests" */ = {
			isa = XCConfigurationList;
			buildConfigurations = (
				92879C3C1B9DFF880062079E /* Debug */,
				92879C3D1B9DFF880062079E /* Release */,
			);
			defaultConfigurationIsVisible = 0;
		};
/* End XCConfigurationList section */
	};
	rootObject = 92879C0D1B9DFF880062079E /* Project object */;
}
